<Solution>
  <Project Path="FixMyCampus.Application/FixMyCampus.Application.csproj" />
  <Project Path="FixMyCampus.Domain/FixMyCampus.Domain.csproj" />
  <Project Path="FixMyCampus.Infrastructure/FixMyCampus.Infrastructure.csproj" />
  <Project Path="FixMyCampus.WebApi/FixMyCampus.WebApi.csproj" />
</Solution>
